
Microsoft Visual Studio Solution File, Format Version 12.00
# Visual Studio 15
Project("{2150E333-8FDC-42A3-9474-1A3956D46DE8}") = "Microservices", "Microservices", "{87A9C5F7-E1AC-415F-9470-76DD41C37E8B}"
EndProject
Project("{2150E333-8FDC-42A3-9474-1A3956D46DE8}") = "Presentation", "Presentation", "{83A4745D-2F69-4C5A-AE1A-6A6412ACC44B}"
EndProject
Project("{2150E333-8FDC-42A3-9474-1A3956D46DE8}") = "Domain", "Domain", "{D66673FA-89C2-4792-951E-8EF0EE31603A}"
EndProject
Project("{2150E333-8FDC-42A3-9474-1A3956D46DE8}") = "Infra.IoC", "Infra.IoC", "{8DB267F0-37FD-45EC-BF60-CAFF5A1067AA}"
EndProject
Project("{2150E333-8FDC-42A3-9474-1A3956D46DE8}") = "Infra.Bus", "Infra.Bus", "{30ED9A79-6CB1-4E85-A8ED-B2C4F8D7E696}"
EndProject
Project("{FAE04EC0-301F-11D3-BF4B-00C04F79EFBC}") = "TrashBank.Domain.Core", "TrashBank.Domain.Core\TrashBank.Domain.Core.csproj", "{4D1A58F8-2503-42F1-B3C1-72F2AA6CB020}"
EndProject
Project("{FAE04EC0-301F-11D3-BF4B-00C04F79EFBC}") = "TrashBank.Infra.Bus", "TrashBank.Infra.Bus\TrashBank.Infra.Bus.csproj", "{BD381236-3205-47C1-A3E4-1317A61B0246}"
EndProject
Project("{FAE04EC0-301F-11D3-BF4B-00C04F79EFBC}") = "TrashBank.Infra.Ioc", "TrashBank.Infra.Ioc\TrashBank.Infra.Ioc.csproj", "{B872D53B-0C4D-4232-AC30-17F586BA2D4C}"
EndProject
Project("{2150E333-8FDC-42A3-9474-1A3956D46DE8}") = "Transfer", "Transfer", "{C616307E-986B-42F0-8973-5C1A9FC7FED0}"
EndProject
Project("{2150E333-8FDC-42A3-9474-1A3956D46DE8}") = "Banking", "Banking", "{280FF36E-76C1-49F8-AAC2-031F9E58FD94}"
EndProject
Project("{2150E333-8FDC-42A3-9474-1A3956D46DE8}") = "Monitoring", "Monitoring", "{35ADA95F-AD67-4461-91AA-83BA97B8B907}"
EndProject
Project("{FAE04EC0-301F-11D3-BF4B-00C04F79EFBC}") = "TrashBank.Microservices.Banking", "TrashBank.Microservices.Banking\TrashBank.Microservices.Banking.csproj", "{7A57629D-0CE0-4FD9-9B43-FAA2ACBE4F14}"
EndProject
Project("{FAE04EC0-301F-11D3-BF4B-00C04F79EFBC}") = "TrashBank.Microservices.Monitoring", "TrashBank.Microservices.Monitoring\TrashBank.Microservices.Monitoring.csproj", "{61BA8E13-168A-4AD8-9CCA-AB9E2441316C}"
EndProject
Project("{FAE04EC0-301F-11D3-BF4B-00C04F79EFBC}") = "TrashBank.Microservices.Trasfer", "TrashBank.Microservices.Trasfer\TrashBank.Microservices.Trasfer.csproj", "{ED67753C-6D37-4FB0-AA2C-03535C8DC0F1}"
EndProject
Project("{FAE04EC0-301F-11D3-BF4B-00C04F79EFBC}") = "TrashBank.Presentation.MVCApp", "TrashBank.Presentation.MVCApp\TrashBank.Presentation.MVCApp.csproj", "{52AC21E3-28EE-4666-9ECD-753D09DBD49C}"
EndProject
Global
	GlobalSection(SolutionConfigurationPlatforms) = preSolution
		Debug|Any CPU = Debug|Any CPU
		Release|Any CPU = Release|Any CPU
	EndGlobalSection
	GlobalSection(ProjectConfigurationPlatforms) = postSolution
		{4D1A58F8-2503-42F1-B3C1-72F2AA6CB020}.Debug|Any CPU.ActiveCfg = Debug|Any CPU
		{4D1A58F8-2503-42F1-B3C1-72F2AA6CB020}.Debug|Any CPU.Build.0 = Debug|Any CPU
		{4D1A58F8-2503-42F1-B3C1-72F2AA6CB020}.Release|Any CPU.ActiveCfg = Release|Any CPU
		{4D1A58F8-2503-42F1-B3C1-72F2AA6CB020}.Release|Any CPU.Build.0 = Release|Any CPU
		{BD381236-3205-47C1-A3E4-1317A61B0246}.Debug|Any CPU.ActiveCfg = Debug|Any CPU
		{BD381236-3205-47C1-A3E4-1317A61B0246}.Debug|Any CPU.Build.0 = Debug|Any CPU
		{BD381236-3205-47C1-A3E4-1317A61B0246}.Release|Any CPU.ActiveCfg = Release|Any CPU
		{BD381236-3205-47C1-A3E4-1317A61B0246}.Release|Any CPU.Build.0 = Release|Any CPU
		{B872D53B-0C4D-4232-AC30-17F586BA2D4C}.Debug|Any CPU.ActiveCfg = Debug|Any CPU
		{B872D53B-0C4D-4232-AC30-17F586BA2D4C}.Debug|Any CPU.Build.0 = Debug|Any CPU
		{B872D53B-0C4D-4232-AC30-17F586BA2D4C}.Release|Any CPU.ActiveCfg = Release|Any CPU
		{B872D53B-0C4D-4232-AC30-17F586BA2D4C}.Release|Any CPU.Build.0 = Release|Any CPU
		{7A57629D-0CE0-4FD9-9B43-FAA2ACBE4F14}.Debug|Any CPU.ActiveCfg = Debug|Any CPU
		{7A57629D-0CE0-4FD9-9B43-FAA2ACBE4F14}.Debug|Any CPU.Build.0 = Debug|Any CPU
		{7A57629D-0CE0-4FD9-9B43-FAA2ACBE4F14}.Release|Any CPU.ActiveCfg = Release|Any CPU
		{7A57629D-0CE0-4FD9-9B43-FAA2ACBE4F14}.Release|Any CPU.Build.0 = Release|Any CPU
		{61BA8E13-168A-4AD8-9CCA-AB9E2441316C}.Debug|Any CPU.ActiveCfg = Debug|Any CPU
		{61BA8E13-168A-4AD8-9CCA-AB9E2441316C}.Debug|Any CPU.Build.0 = Debug|Any CPU
		{61BA8E13-168A-4AD8-9CCA-AB9E2441316C}.Release|Any CPU.ActiveCfg = Release|Any CPU
		{61BA8E13-168A-4AD8-9CCA-AB9E2441316C}.Release|Any CPU.Build.0 = Release|Any CPU
		{ED67753C-6D37-4FB0-AA2C-03535C8DC0F1}.Debug|Any CPU.ActiveCfg = Debug|Any CPU
		{ED67753C-6D37-4FB0-AA2C-03535C8DC0F1}.Debug|Any CPU.Build.0 = Debug|Any CPU
		{ED67753C-6D37-4FB0-AA2C-03535C8DC0F1}.Release|Any CPU.ActiveCfg = Release|Any CPU
		{ED67753C-6D37-4FB0-AA2C-03535C8DC0F1}.Release|Any CPU.Build.0 = Release|Any CPU
		{52AC21E3-28EE-4666-9ECD-753D09DBD49C}.Debug|Any CPU.ActiveCfg = Debug|Any CPU
		{52AC21E3-28EE-4666-9ECD-753D09DBD49C}.Debug|Any CPU.Build.0 = Debug|Any CPU
		{52AC21E3-28EE-4666-9ECD-753D09DBD49C}.Release|Any CPU.ActiveCfg = Release|Any CPU
		{52AC21E3-28EE-4666-9ECD-753D09DBD49C}.Release|Any CPU.Build.0 = Release|Any CPU
	EndGlobalSection
	GlobalSection(NestedProjects) = preSolution
		{4D1A58F8-2503-42F1-B3C1-72F2AA6CB020} = {D66673FA-89C2-4792-951E-8EF0EE31603A}
		{BD381236-3205-47C1-A3E4-1317A61B0246} = {30ED9A79-6CB1-4E85-A8ED-B2C4F8D7E696}
		{B872D53B-0C4D-4232-AC30-17F586BA2D4C} = {8DB267F0-37FD-45EC-BF60-CAFF5A1067AA}
		{C616307E-986B-42F0-8973-5C1A9FC7FED0} = {87A9C5F7-E1AC-415F-9470-76DD41C37E8B}
		{280FF36E-76C1-49F8-AAC2-031F9E58FD94} = {87A9C5F7-E1AC-415F-9470-76DD41C37E8B}
		{35ADA95F-AD67-4461-91AA-83BA97B8B907} = {87A9C5F7-E1AC-415F-9470-76DD41C37E8B}
		{7A57629D-0CE0-4FD9-9B43-FAA2ACBE4F14} = {280FF36E-76C1-49F8-AAC2-031F9E58FD94}
		{61BA8E13-168A-4AD8-9CCA-AB9E2441316C} = {35ADA95F-AD67-4461-91AA-83BA97B8B907}
		{ED67753C-6D37-4FB0-AA2C-03535C8DC0F1} = {C616307E-986B-42F0-8973-5C1A9FC7FED0}
		{52AC21E3-28EE-4666-9ECD-753D09DBD49C} = {83A4745D-2F69-4C5A-AE1A-6A6412ACC44B}
	EndGlobalSection
EndGlobal
